// !$*UTF8*$!
{
	archiveVersion = 1;
	classes = {
	};
	objectVersion = 46;
	objects = {

/* Begin PBXBuildFile section */
		56BA1A741A8E203C001B8E9E /* main.m in Sources */ = {isa = PBXBuildFile; fileRef = 56BA1A731A8E203C001B8E9E /* main.m */; };
		56BA1A771A8E203C001B8E9E /* AppDelegate.m in Sources */ = {isa = PBXBuildFile; fileRef = 56BA1A761A8E203C001B8E9E /* AppDelegate.m */; };
		56BA1A7D1A8E203C001B8E9E /* Main.storyboard in Resources */ = {isa = PBXBuildFile; fileRef = 56BA1A7B1A8E203C001B8E9E /* Main.storyboard */; };
		56BA1A7F1A8E203C001B8E9E /* Images.xcassets in Resources */ = {isa = PBXBuildFile; fileRef = 56BA1A7E1A8E203C001B8E9E /* Images.xcassets */; };
		56BA1A821A8E203C001B8E9E /* LaunchScreen.xib in Resources */ = {isa = PBXBuildFile; fileRef = 56BA1A801A8E203C001B8E9E /* LaunchScreen.xib */; };
		56BA1A8E1A8E203C001B8E9E /* CoffeeFindrTests.m in Sources */ = {isa = PBXBuildFile; fileRef = 56BA1A8D1A8E203C001B8E9E /* CoffeeFindrTests.m */; };
		56BA1A991A8E212C001B8E9E /* ListViewController.m in Sources */ = {isa = PBXBuildFile; fileRef = 56BA1A981A8E212C001B8E9E /* ListViewController.m */; };
		56BA1A9B1A8E2173001B8E9E /* CoreLocation.framework in Frameworks */ = {isa = PBXBuildFile; fileRef = 56BA1A9A1A8E2173001B8E9E /* CoreLocation.framework */; };
		56BA1A9D1A8E217B001B8E9E /* MapKit.framework in Frameworks */ = {isa = PBXBuildFile; fileRef = 56BA1A9C1A8E217B001B8E9E /* MapKit.framework */; };
		56BA1AA01A8E28F0001B8E9E /* CoffeePlace.m in Sources */ = {isa = PBXBuildFile; fileRef = 56BA1A9F1A8E28F0001B8E9E /* CoffeePlace.m */; };
		56BA1AA31A8E3B9D001B8E9E /* DetailViewController.m in Sources */ = {isa = PBXBuildFile; fileRef = 56BA1AA21A8E3B9D001B8E9E /* DetailViewController.m */; };
/* End PBXBuildFile section */

/* Begin PBXContainerItemProxy section */
		56BA1A881A8E203C001B8E9E /* PBXContainerItemProxy */ = {
			isa = PBXContainerItemProxy;
			containerPortal = 56BA1A661A8E203C001B8E9E /* Project object */;
			proxyType = 1;
			remoteGlobalIDString = 56BA1A6D1A8E203C001B8E9E;
			remoteInfo = CoffeeFindr;
		};
/* End PBXContainerItemProxy section */

/* Begin PBXFileReference section */
		56BA1A6E1A8E203C001B8E9E /* CoffeeFindr.app */ = {isa = PBXFileReference; explicitFileType = wrapper.application; includeInIndex = 0; path = CoffeeFindr.app; sourceTree = BUILT_PRODUCTS_DIR; };
		56BA1A721A8E203C001B8E9E /* Info.plist */ = {isa = PBXFileReference; lastKnownFileType = text.plist.xml; path = Info.plist; sourceTree = "<group>"; };
		56BA1A731A8E203C001B8E9E /* main.m */ = {isa = PBXFileReference; lastKnownFileType = sourcecode.c.objc; path = main.m; sourceTree = "<group>"; };
		56BA1A751A8E203C001B8E9E /* AppDelegate.h */ = {isa = PBXFileReference; lastKnownFileType = sourcecode.c.h; path = AppDelegate.h; sourceTree = "<group>"; };
		56BA1A761A8E203C001B8E9E /* AppDelegate.m */ = {isa = PBXFileReference; lastKnownFileType = sourcecode.c.objc; path = AppDelegate.m; sourceTree = "<group>"; };
		56BA1A7C1A8E203C001B8E9E /* Base */ = {isa = PBXFileReference; lastKnownFileType = file.storyboard; name = Base; path = Base.lproj/Main.storyboard; sourceTree = "<group>"; };
		56BA1A7E1A8E203C001B8E9E /* Images.xcassets */ = {isa = PBXFileReference; lastKnownFileType = folder.assetcatalog; path = Images.xcassets; sourceTree = "<group>"; };
		56BA1A811A8E203C001B8E9E /* Base */ = {isa = PBXFileReference; lastKnownFileType = file.xib; name = Base; path = Base.lproj/LaunchScreen.xib; sourceTree = "<group>"; };
		56BA1A871A8E203C001B8E9E /* CoffeeFindrTests.xctest */ = {isa = PBXFileReference; explicitFileType = wrapper.cfbundle; includeInIndex = 0; path = CoffeeFindrTests.xctest; sourceTree = BUILT_PRODUCTS_DIR; };
		56BA1A8C1A8E203C001B8E9E /* Info.plist */ = {isa = PBXFileReference; lastKnownFileType = text.plist.xml; path = Info.plist; sourceTree = "<group>"; };
		56BA1A8D1A8E203C001B8E9E /* CoffeeFindrTests.m */ = {isa = PBXFileReference; lastKnownFileType = sourcecode.c.objc; path = CoffeeFindrTests.m; sourceTree = "<group>"; };
		56BA1A971A8E212C001B8E9E /* ListViewController.h */ = {isa = PBXFileReference; fileEncoding = 4; lastKnownFileType = sourcecode.c.h; path = ListViewController.h; sourceTree = "<group>"; };
		56BA1A981A8E212C001B8E9E /* ListViewController.m */ = {isa = PBXFileReference; fileEncoding = 4; lastKnownFileType = sourcecode.c.objc; path = ListViewController.m; sourceTree = "<group>"; };
		56BA1A9A1A8E2173001B8E9E /* CoreLocation.framework */ = {isa = PBXFileReference; lastKnownFileType = wrapper.framework; name = CoreLocation.framework; path = System/Library/Frameworks/CoreLocation.framework; sourceTree = SDKROOT; };
		56BA1A9C1A8E217B001B8E9E /* MapKit.framework */ = {isa = PBXFileReference; lastKnownFileType = wrapper.framework; name = MapKit.framework; path = System/Library/Frameworks/MapKit.framework; sourceTree = SDKROOT; };
		56BA1A9E1A8E28F0001B8E9E /* CoffeePlace.h */ = {isa = PBXFileReference; fileEncoding = 4; lastKnownFileType = sourcecode.c.h; path = CoffeePlace.h; sourceTree = "<group>"; };
		56BA1A9F1A8E28F0001B8E9E /* CoffeePlace.m */ = {isa = PBXFileReference; fileEncoding = 4; lastKnownFileType = sourcecode.c.objc; path = CoffeePlace.m; sourceTree = "<group>"; };
		56BA1AA11A8E3B9D001B8E9E /* DetailViewController.h */ = {isa = PBXFileReference; fileEncoding = 4; lastKnownFileType = sourcecode.c.h; path = DetailViewController.h; sourceTree = "<group>"; };
		56BA1AA21A8E3B9D001B8E9E /* DetailViewController.m */ = {isa = PBXFileReference; fileEncoding = 4; lastKnownFileType = sourcecode.c.objc; path = DetailViewController.m; sourceTree = "<group>"; };
/* End PBXFileReference section */

/* Begin PBXFrameworksBuildPhase section */
		56BA1A6B1A8E203C001B8E9E /* Frameworks */ = {
			isa = PBXFrameworksBuildPhase;
			buildActionMask = 2147483647;
			files = (
				56BA1A9D1A8E217B001B8E9E /* MapKit.framework in Frameworks */,
				56BA1A9B1A8E2173001B8E9E /* CoreLocation.framework in Frameworks */,
			);
			runOnlyForDeploymentPostprocessing = 0;
		};
		56BA1A841A8E203C001B8E9E /* Frameworks */ = {
			isa = PBXFrameworksBuildPhase;
			buildActionMask = 2147483647;
			files = (
			);
			runOnlyForDeploymentPostprocessing = 0;
		};
/* End PBXFrameworksBuildPhase section */

/* Begin PBXGroup section */
		56BA1A651A8E203C001B8E9E = {
			isa = PBXGroup;
			children = (
				56BA1A9C1A8E217B001B8E9E /* MapKit.framework */,
				56BA1A9A1A8E2173001B8E9E /* CoreLocation.framework */,
				56BA1A701A8E203C001B8E9E /* CoffeeFindr */,
				56BA1A8A1A8E203C001B8E9E /* CoffeeFindrTests */,
				56BA1A6F1A8E203C001B8E9E /* Products */,
			);
			sourceTree = "<group>";
		};
		56BA1A6F1A8E203C001B8E9E /* Products */ = {
			isa = PBXGroup;
			children = (
				56BA1A6E1A8E203C001B8E9E /* CoffeeFindr.app */,
				56BA1A871A8E203C001B8E9E /* CoffeeFindrTests.xctest */,
			);
			name = Products;
			sourceTree = "<group>";
		};
		56BA1A701A8E203C001B8E9E /* CoffeeFindr */ = {
			isa = PBXGroup;
			children = (
				56BA1A751A8E203C001B8E9E /* AppDelegate.h */,
				56BA1A761A8E203C001B8E9E /* AppDelegate.m */,
				56BA1A971A8E212C001B8E9E /* ListViewController.h */,
				56BA1A981A8E212C001B8E9E /* ListViewController.m */,
				56BA1AA11A8E3B9D001B8E9E /* DetailViewController.h */,
				56BA1AA21A8E3B9D001B8E9E /* DetailViewController.m */,
				56BA1A9E1A8E28F0001B8E9E /* CoffeePlace.h */,
				56BA1A9F1A8E28F0001B8E9E /* CoffeePlace.m */,
				56BA1A7B1A8E203C001B8E9E /* Main.storyboard */,
				56BA1A7E1A8E203C001B8E9E /* Images.xcassets */,
				56BA1A801A8E203C001B8E9E /* LaunchScreen.xib */,
				56BA1A711A8E203C001B8E9E /* Supporting Files */,
			);
			path = CoffeeFindr;
			sourceTree = "<group>";
		};
		56BA1A711A8E203C001B8E9E /* Supporting Files */ = {
			isa = PBXGroup;
			children = (
				56BA1A721A8E203C001B8E9E /* Info.plist */,
				56BA1A731A8E203C001B8E9E /* main.m */,
			);
			name = "Supporting Files";
			sourceTree = "<group>";
		};
		56BA1A8A1A8E203C001B8E9E /* CoffeeFindrTests */ = {
			isa = PBXGroup;
			children = (
				56BA1A8D1A8E203C001B8E9E /* CoffeeFindrTests.m */,
				56BA1A8B1A8E203C001B8E9E /* Supporting Files */,
			);
			path = CoffeeFindrTests;
			sourceTree = "<group>";
		};
		56BA1A8B1A8E203C001B8E9E /* Supporting Files */ = {
			isa = PBXGroup;
			children = (
				56BA1A8C1A8E203C001B8E9E /* Info.plist */,
			);
			name = "Supporting Files";
			sourceTree = "<group>";
		};
/* End PBXGroup section */

/* Begin PBXNativeTarget section */
		56BA1A6D1A8E203C001B8E9E /* CoffeeFindr */ = {
			isa = PBXNativeTarget;
			buildConfigurationList = 56BA1A911A8E203C001B8E9E /* Build configuration list for PBXNativeTarget "CoffeeFindr" */;
			buildPhases = (
				56BA1A6A1A8E203C001B8E9E /* Sources */,
				56BA1A6B1A8E203C001B8E9E /* Frameworks */,
				56BA1A6C1A8E203C001B8E9E /* Resources */,
			);
			buildRules = (
			);
			dependencies = (
			);
			name = CoffeeFindr;
			productName = CoffeeFindr;
			productReference = 56BA1A6E1A8E203C001B8E9E /* CoffeeFindr.app */;
			productType = "com.apple.product-type.application";
		};
		56BA1A861A8E203C001B8E9E /* CoffeeFindrTests */ = {
			isa = PBXNativeTarget;
			buildConfigurationList = 56BA1A941A8E203C001B8E9E /* Build configuration list for PBXNativeTarget "CoffeeFindrTests" */;
			buildPhases = (
				56BA1A831A8E203C001B8E9E /* Sources */,
				56BA1A841A8E203C001B8E9E /* Frameworks */,
				56BA1A851A8E203C001B8E9E /* Resources */,
			);
			buildRules = (
			);
			dependencies = (
				56BA1A891A8E203C001B8E9E /* PBXTargetDependency */,
			);
			name = CoffeeFindrTests;
			productName = CoffeeFindrTests;
			productReference = 56BA1A871A8E203C001B8E9E /* CoffeeFindrTests.xctest */;
			productType = "com.apple.product-type.bundle.unit-test";
		};
/* End PBXNativeTarget section */

/* Begin PBXProject section */
		56BA1A661A8E203C001B8E9E /* Project object */ = {
			isa = PBXProject;
			attributes = {
				LastUpgradeCheck = 0610;
				ORGANIZATIONNAME = "Brazuca Labs";
				TargetAttributes = {
					56BA1A6D1A8E203C001B8E9E = {
						CreatedOnToolsVersion = 6.1.1;
					};
					56BA1A861A8E203C001B8E9E = {
						CreatedOnToolsVersion = 6.1.1;
						TestTargetID = 56BA1A6D1A8E203C001B8E9E;
					};
				};
			};
			buildConfigurationList = 56BA1A691A8E203C001B8E9E /* Build configuration list for PBXProject "CoffeeFindr" */;
			compatibilityVersion = "Xcode 3.2";
			developmentRegion = English;
			hasScannedForEncodings = 0;
			knownRegions = (
				en,
				Base,
			);
			mainGroup = 56BA1A651A8E203C001B8E9E;
			productRefGroup = 56BA1A6F1A8E203C001B8E9E /* Products */;
			projectDirPath = "";
			projectRoot = "";
			targets = (
				56BA1A6D1A8E203C001B8E9E /* CoffeeFindr */,
				56BA1A861A8E203C001B8E9E /* CoffeeFindrTests */,
			);
		};
/* End PBXProject section */

/* Begin PBXResourcesBuildPhase section */
		56BA1A6C1A8E203C001B8E9E /* Resources */ = {
			isa = PBXResourcesBuildPhase;
			buildActionMask = 2147483647;
			files = (
				56BA1A7D1A8E203C001B8E9E /* Main.storyboard in Resources */,
				56BA1A821A8E203C001B8E9E /* LaunchScreen.xib in Resources */,
				56BA1A7F1A8E203C001B8E9E /* Images.xcassets in Resources */,
			);
			runOnlyForDeploymentPostprocessing = 0;
		};
		56BA1A851A8E203C001B8E9E /* Resources */ = {
			isa = PBXResourcesBuildPhase;
			buildActionMask = 2147483647;
			files = (
			);
			runOnlyForDeploymentPostprocessing = 0;
		};
/* End PBXResourcesBuildPhase section */

/* Begin PBXSourcesBuildPhase section */
		56BA1A6A1A8E203C001B8E9E /* Sources */ = {
			isa = PBXSourcesBuildPhase;
			buildActionMask = 2147483647;
			files = (
				56BA1AA31A8E3B9D001B8E9E /* DetailViewController.m in Sources */,
				56BA1A771A8E203C001B8E9E /* AppDelegate.m in Sources */,
				56BA1AA01A8E28F0001B8E9E /* CoffeePlace.m in Sources */,
				56BA1A741A8E203C001B8E9E /* main.m in Sources */,
				56BA1A991A8E212C001B8E9E /* ListViewController.m in Sources */,
			);
			runOnlyForDeploymentPostprocessing = 0;
		};
		56BA1A831A8E203C001B8E9E /* Sources */ = {
			isa = PBXSourcesBuildPhase;
			buildActionMask = 2147483647;
			files = (
				56BA1A8E1A8E203C001B8E9E /* CoffeeFindrTests.m in Sources */,
			);
			runOnlyForDeploymentPostprocessing = 0;
		};
/* End PBXSourcesBuildPhase section */

/* Begin PBXTargetDependency section */
		56BA1A891A8E203C001B8E9E /* PBXTargetDependency */ = {
			isa = PBXTargetDependency;
			target = 56BA1A6D1A8E203C001B8E9E /* CoffeeFindr */;
			targetProxy = 56BA1A881A8E203C001B8E9E /* PBXContainerItemProxy */;
		};
/* End PBXTargetDependency section */

/* Begin PBXVariantGroup section */
		56BA1A7B1A8E203C001B8E9E /* Main.storyboard */ = {
			isa = PBXVariantGroup;
			children = (
				56BA1A7C1A8E203C001B8E9E /* Base */,
			);
			name = Main.storyboard;
			sourceTree = "<group>";
		};
		56BA1A801A8E203C001B8E9E /* LaunchScreen.xib */ = {
			isa = PBXVariantGroup;
			children = (
				56BA1A811A8E203C001B8E9E /* Base */,
			);
			name = LaunchScreen.xib;
			sourceTree = "<group>";
		};
/* End PBXVariantGroup section */

/* Begin XCBuildConfiguration section */
		56BA1A8F1A8E203C001B8E9E /* Debug */ = {
			isa = XCBuildConfiguration;
			buildSettings = {
				ALWAYS_SEARCH_USER_PATHS = NO;
				CLANG_CXX_LANGUAGE_STANDARD = "gnu++0x";
				CLANG_CXX_LIBRARY = "libc++";
				CLANG_ENABLE_MODULES = YES;
				CLANG_ENABLE_OBJC_ARC = YES;
				CLANG_WARN_BOOL_CONVERSION = YES;
				CLANG_WARN_CONSTANT_CONVERSION = YES;
				CLANG_WARN_DIRECT_OBJC_ISA_USAGE = YES_ERROR;
				CLANG_WARN_EMPTY_BODY = YES;
				CLANG_WARN_ENUM_CONVERSION = YES;
				CLANG_WARN_INT_CONVERSION = YES;
				CLANG_WARN_OBJC_ROOT_CLASS = YES_ERROR;
				CLANG_WARN_UNREACHABLE_CODE = YES;
				CLANG_WARN__DUPLICATE_METHOD_MATCH = YES;
				"CODE_SIGN_IDENTITY[sdk=iphoneos*]" = "iPhone Developer";
				COPY_PHASE_STRIP = NO;
				ENABLE_STRICT_OBJC_MSGSEND = YES;
				GCC_C_LANGUAGE_STANDARD = gnu99;
				GCC_DYNAMIC_NO_PIC = NO;
				GCC_OPTIMIZATION_LEVEL = 0;
				GCC_PREPROCESSOR_DEFINITIONS = (
					"DEBUG=1",
					"$(inherited)",
				);
				GCC_SYMBOLS_PRIVATE_EXTERN = NO;
				GCC_WARN_64_TO_32_BIT_CONVERSION = YES;
				GCC_WARN_ABOUT_RETURN_TYPE = YES_ERROR;
				GCC_WARN_UNDECLARED_SELECTOR = YES;
				GCC_WARN_UNINITIALIZED_AUTOS = YES_AGGRESSIVE;
				GCC_WARN_UNUSED_FUNCTION = YES;
				GCC_WARN_UNUSED_VARIABLE = YES;
				IPHONEOS_DEPLOYMENT_TARGET = 8.1;
				MTL_ENABLE_DEBUG_INFO = YES;
				ONLY_ACTIVE_ARCH = YES;
				SDKROOT = iphoneos;
			};
			name = Debug;
		};
		56BA1A901A8E203C001B8E9E /* Release */ = {
			isa = XCBuildConfiguration;
			buildSettings = {
				ALWAYS_SEARCH_USER_PATHS = NO;
				CLANG_CXX_LANGUAGE_STANDARD = "gnu++0x";
				CLANG_CXX_LIBRARY = "libc++";
				CLANG_ENABLE_MODULES = YES;
				CLANG_ENABLE_OBJC_ARC = YES;
				CLANG_WARN_BOOL_CONVERSION = YES;
				CLANG_WARN_CONSTANT_CONVERSION = YES;
				CLANG_WARN_DIRECT_OBJC_ISA_USAGE = YES_ERROR;
				CLANG_WARN_EMPTY_BODY = YES;
				CLANG_WARN_ENUM_CONVERSION = YES;
				CLANG_WARN_INT_CONVERSION = YES;
				CLANG_WARN_OBJC_ROOT_CLASS = YES_ERROR;
				CLANG_WARN_UNREACHABLE_CODE = YES;
				CLANG_WARN__DUPLICATE_METHOD_MATCH = YES;
				"CODE_SIGN_IDENTITY[sdk=iphoneos*]" = "iPhone Developer";
				COPY_PHASE_STRIP = YES;
				ENABLE_NS_ASSERTIONS = NO;
				ENABLE_STRICT_OBJC_MSGSEND = YES;
				GCC_C_LANGUAGE_STANDARD = gnu99;
				GCC_WARN_64_TO_32_BIT_CONVERSION = YES;
				GCC_WARN_ABOUT_RETURN_TYPE = YES_ERROR;
				GCC_WARN_UNDECLARED_SELECTOR = YES;
				GCC_WARN_UNINITIALIZED_AUTOS = YES_AGGRESSIVE;
				GCC_WARN_UNUSED_FUNCTION = YES;
				GCC_WARN_UNUSED_VARIABLE = YES;
				IPHONEOS_DEPLOYMENT_TARGET = 8.1;
				MTL_ENABLE_DEBUG_INFO = NO;
				SDKROOT = iphoneos;
				VALIDATE_PRODUCT = YES;
			};
			name = Release;
		};
		56BA1A921A8E203C001B8E9E /* Debug */ = {
			isa = XCBuildConfiguration;
			buildSettings = {
				ASSETCATALOG_COMPILER_APPICON_NAME = AppIcon;
				INFOPLIST_FILE = CoffeeFindr/Info.plist;
				LD_RUNPATH_SEARCH_PATHS = "$(inherited) @executable_path/Frameworks";
				PRODUCT_NAME = "$(TARGET_NAME)";
			};
			name = Debug;
		};
		56BA1A931A8E203C001B8E9E /* Release */ = {
			isa = XCBuildConfiguration;
			buildSettings = {
				ASSETCATALOG_COMPILER_APPICON_NAME = AppIcon;
				INFOPLIST_FILE = CoffeeFindr/Info.plist;
				LD_RUNPATH_SEARCH_PATHS = "$(inherited) @executable_path/Frameworks";
				PRODUCT_NAME = "$(TARGET_NAME)";
			};
			name = Release;
		};
		56BA1A951A8E203C001B8E9E /* Debug */ = {
			isa = XCBuildConfiguration;
			buildSettings = {
				BUNDLE_LOADER = "$(TEST_HOST)";
				FRAMEWORK_SEARCH_PATHS = (
					"$(SDKROOT)/Developer/Library/Frameworks",
					"$(inherited)",
				);
				GCC_PREPROCESSOR_DEFINITIONS = (
					"DEBUG=1",
					"$(inherited)",
				);
				INFOPLIST_FILE = CoffeeFindrTests/Info.plist;
				LD_RUNPATH_SEARCH_PATHS = "$(inherited) @executable_path/Frameworks @loader_path/Frameworks";
				PRODUCT_NAME = "$(TARGET_NAME)";
				TEST_HOST = "$(BUILT_PRODUCTS_DIR)/CoffeeFindr.app/CoffeeFindr";
			};
			name = Debug;
		};
		56BA1A961A8E203C001B8E9E /* Release */ = {
			isa = XCBuildConfiguration;
			buildSettings = {
				BUNDLE_LOADER = "$(TEST_HOST)";
				FRAMEWORK_SEARCH_PATHS = (
					"$(SDKROOT)/Developer/Library/Frameworks",
					"$(inherited)",
				);
				INFOPLIST_FILE = CoffeeFindrTests/Info.plist;
				LD_RUNPATH_SEARCH_PATHS = "$(inherited) @executable_path/Frameworks @loader_path/Frameworks";
				PRODUCT_NAME = "$(TARGET_NAME)";
				TEST_HOST = "$(BUILT_PRODUCTS_DIR)/CoffeeFindr.app/CoffeeFindr";
			};
			name = Release;
		};
/* End XCBuildConfiguration section */

/* Begin XCConfigurationList section */
		56BA1A691A8E203C001B8E9E /* Build configuration list for PBXProject "CoffeeFindr" */ = {
			isa = XCConfigurationList;
			buildConfigurations = (
				56BA1A8F1A8E203C001B8E9E /* Debug */,
				56BA1A901A8E203C001B8E9E /* Release */,
			);
			defaultConfigurationIsVisible = 0;
			defaultConfigurationName = Release;
		};
		56BA1A911A8E203C001B8E9E /* Build configuration list for PBXNativeTarget "CoffeeFindr" */ = {
			isa = XCConfigurationList;
			buildConfigurations = (
				56BA1A921A8E203C001B8E9E /* Debug */,
				56BA1A931A8E203C001B8E9E /* Release */,
			);
			defaultConfigurationIsVisible = 0;
		};
		56BA1A941A8E203C001B8E9E /* Build configuration list for PBXNativeTarget "CoffeeFindrTests" */ = {
			isa = XCConfigurationList;
			buildConfigurations = (
				56BA1A951A8E203C001B8E9E /* Debug */,
				56BA1A961A8E203C001B8E9E /* Release */,
			);
			defaultConfigurationIsVisible = 0;
		};
/* End XCConfigurationList section */
	};
	rootObject = 56BA1A661A8E203C001B8E9E /* Project object */;
}
